
Microsoft Visual Studio Solution File, Format Version 12.00
# Visual Studio Version 16
VisualStudioVersion = 16.0.30907.101
MinimumVisualStudioVersion = 10.0.40219.1
Project("{FAE04EC0-301F-11D3-BF4B-00C04F79EFBC}") = "MyApplication", "MyApplication\MyApplication.csproj", "{2B1DA829-B384-4665-9D2D-57AD5639E629}"
EndProject
Global
	GlobalSection(SolutionConfigurationPlatforms) = preSolution
		Debug|Any CPU = Debug|Any CPU
		Release|Any CPU = Release|Any CPU
	EndGlobalSection
	GlobalSection(ProjectConfigurationPlatforms) = postSolution
		{2B1DA829-B384-4665-9D2D-57AD5639E629}.Debug|Any CPU.ActiveCfg = Debug|Any CPU
		{2B1DA829-B384-4665-9D2D-57AD5639E629}.Debug|Any CPU.Build.0 = Debug|Any CPU
		{2B1DA829-B384-4665-9D2D-57AD5639E629}.Release|Any CPU.ActiveCfg = Release|Any CPU
		{2B1DA829-B384-4665-9D2D-57AD5639E629}.Release|Any CPU.Build.0 = Release|Any CPU
	EndGlobalSection
	GlobalSection(SolutionProperties) = preSolution
		HideSolutionNode = FALSE
	EndGlobalSection
	GlobalSection(ExtensibilityGlobals) = postSolution
		SolutionGuid = {40C9E450-9EBE-41EA-87D7-6ADDD88BA1B2}
	EndGlobalSection
EndGlobal
